
Microsoft Visual Studio Solution File, Format Version 12.00
# Visual Studio Version 17
VisualStudioVersion = 17.3.32804.467
MinimumVisualStudioVersion = 10.0.40219.1
Project("{9A19103F-16F7-4668-BE54-9A1E7A4F7556}") = "PaletteNet", "PaletteNet\PaletteNet.csproj", "{BF582B1D-1747-4421-B877-5746A83C977C}"
EndProject
Project("{9A19103F-16F7-4668-BE54-9A1E7A4F7556}") = "PaletteNetSample", "PaletteNetSample\PaletteNetSample.csproj", "{5647F2C6-A9D4-4C3A-B708-F2ADB72C3F95}"
EndProject
Project("{9A19103F-16F7-4668-BE54-9A1E7A4F7556}") = "PaletteNet.WriteableBitmap", "PaletteNet.WriteableBitmap\PaletteNet.WriteableBitmap.csproj", "{3AF845B1-5E5A-426A-BC34-D065AC20EBB5}"
EndProject
Global
	GlobalSection(SolutionConfigurationPlatforms) = preSolution
		Debug|Any CPU = Debug|Any CPU
		Debug|ARM = Debug|ARM
		Debug|arm64 = Debug|arm64
		Debug|x64 = Debug|x64
		Debug|x86 = Debug|x86
		Release|Any CPU = Release|Any CPU
		Release|ARM = Release|ARM
		Release|arm64 = Release|arm64
		Release|x64 = Release|x64
		Release|x86 = Release|x86
	EndGlobalSection
	GlobalSection(ProjectConfigurationPlatforms) = postSolution
		{BF582B1D-1747-4421-B877-5746A83C977C}.Debug|Any CPU.ActiveCfg = Debug|Any CPU
		{BF582B1D-1747-4421-B877-5746A83C977C}.Debug|Any CPU.Build.0 = Debug|Any CPU
		{BF582B1D-1747-4421-B877-5746A83C977C}.Debug|ARM.ActiveCfg = Debug|Any CPU
		{BF582B1D-1747-4421-B877-5746A83C977C}.Debug|ARM.Build.0 = Debug|Any CPU
		{BF582B1D-1747-4421-B877-5746A83C977C}.Debug|arm64.ActiveCfg = Debug|Any CPU
		{BF582B1D-1747-4421-B877-5746A83C977C}.Debug|arm64.Build.0 = Debug|Any CPU
		{BF582B1D-1747-4421-B877-5746A83C977C}.Debug|x64.ActiveCfg = Debug|Any CPU
		{BF582B1D-1747-4421-B877-5746A83C977C}.Debug|x64.Build.0 = Debug|Any CPU
		{BF582B1D-1747-4421-B877-5746A83C977C}.Debug|x86.ActiveCfg = Debug|Any CPU
		{BF582B1D-1747-4421-B877-5746A83C977C}.Debug|x86.Build.0 = Debug|Any CPU
		{BF582B1D-1747-4421-B877-5746A83C977C}.Release|Any CPU.ActiveCfg = Release|Any CPU
		{BF582B1D-1747-4421-B877-5746A83C977C}.Release|Any CPU.Build.0 = Release|Any CPU
		{BF582B1D-1747-4421-B877-5746A83C977C}.Release|ARM.ActiveCfg = Release|Any CPU
		{BF582B1D-1747-4421-B877-5746A83C977C}.Release|ARM.Build.0 = Release|Any CPU
		{BF582B1D-1747-4421-B877-5746A83C977C}.Release|arm64.ActiveCfg = Release|Any CPU
		{BF582B1D-1747-4421-B877-5746A83C977C}.Release|arm64.Build.0 = Release|Any CPU
		{BF582B1D-1747-4421-B877-5746A83C977C}.Release|x64.ActiveCfg = Release|Any CPU
		{BF582B1D-1747-4421-B877-5746A83C977C}.Release|x64.Build.0 = Release|Any CPU
		{BF582B1D-1747-4421-B877-5746A83C977C}.Release|x86.ActiveCfg = Release|Any CPU
		{BF582B1D-1747-4421-B877-5746A83C977C}.Release|x86.Build.0 = Release|Any CPU
		{5647F2C6-A9D4-4C3A-B708-F2ADB72C3F95}.Debug|Any CPU.ActiveCfg = Debug|x64
		{5647F2C6-A9D4-4C3A-B708-F2ADB72C3F95}.Debug|Any CPU.Build.0 = Debug|x64
		{5647F2C6-A9D4-4C3A-B708-F2ADB72C3F95}.Debug|Any CPU.Deploy.0 = Debug|x64
		{5647F2C6-A9D4-4C3A-B708-F2ADB72C3F95}.Debug|ARM.ActiveCfg = Debug|x64
		{5647F2C6-A9D4-4C3A-B708-F2ADB72C3F95}.Debug|ARM.Build.0 = Debug|x64
		{5647F2C6-A9D4-4C3A-B708-F2ADB72C3F95}.Debug|ARM.Deploy.0 = Debug|x64
		{5647F2C6-A9D4-4C3A-B708-F2ADB72C3F95}.Debug|arm64.ActiveCfg = Debug|arm64
		{5647F2C6-A9D4-4C3A-B708-F2ADB72C3F95}.Debug|arm64.Build.0 = Debug|arm64
		{5647F2C6-A9D4-4C3A-B708-F2ADB72C3F95}.Debug|arm64.Deploy.0 = Debug|arm64
		{5647F2C6-A9D4-4C3A-B708-F2ADB72C3F95}.Debug|x64.ActiveCfg = Debug|x64
		{5647F2C6-A9D4-4C3A-B708-F2ADB72C3F95}.Debug|x64.Build.0 = Debug|x64
		{5647F2C6-A9D4-4C3A-B708-F2ADB72C3F95}.Debug|x64.Deploy.0 = Debug|x64
		{5647F2C6-A9D4-4C3A-B708-F2ADB72C3F95}.Debug|x86.ActiveCfg = Debug|x86
		{5647F2C6-A9D4-4C3A-B708-F2ADB72C3F95}.Debug|x86.Build.0 = Debug|x86
		{5647F2C6-A9D4-4C3A-B708-F2ADB72C3F95}.Debug|x86.Deploy.0 = Debug|x86
		{5647F2C6-A9D4-4C3A-B708-F2ADB72C3F95}.Release|Any CPU.ActiveCfg = Release|x64
		{5647F2C6-A9D4-4C3A-B708-F2ADB72C3F95}.Release|Any CPU.Build.0 = Release|x64
		{5647F2C6-A9D4-4C3A-B708-F2ADB72C3F95}.Release|Any CPU.Deploy.0 = Release|x64
		{5647F2C6-A9D4-4C3A-B708-F2ADB72C3F95}.Release|ARM.ActiveCfg = Release|x64
		{5647F2C6-A9D4-4C3A-B708-F2ADB72C3F95}.Release|ARM.Build.0 = Release|x64
		{5647F2C6-A9D4-4C3A-B708-F2ADB72C3F95}.Release|ARM.Deploy.0 = Release|x64
		{5647F2C6-A9D4-4C3A-B708-F2ADB72C3F95}.Release|arm64.ActiveCfg = Release|arm64
		{5647F2C6-A9D4-4C3A-B708-F2ADB72C3F95}.Release|arm64.Build.0 = Release|arm64
		{5647F2C6-A9D4-4C3A-B708-F2ADB72C3F95}.Release|arm64.Deploy.0 = Release|arm64
		{5647F2C6-A9D4-4C3A-B708-F2ADB72C3F95}.Release|x64.ActiveCfg = Release|x64
		{5647F2C6-A9D4-4C3A-B708-F2ADB72C3F95}.Release|x64.Build.0 = Release|x64
		{5647F2C6-A9D4-4C3A-B708-F2ADB72C3F95}.Release|x64.Deploy.0 = Release|x64
		{5647F2C6-A9D4-4C3A-B708-F2ADB72C3F95}.Release|x86.ActiveCfg = Release|x86
		{5647F2C6-A9D4-4C3A-B708-F2ADB72C3F95}.Release|x86.Build.0 = Release|x86
		{5647F2C6-A9D4-4C3A-B708-F2ADB72C3F95}.Release|x86.Deploy.0 = Release|x86
		{3AF845B1-5E5A-426A-BC34-D065AC20EBB5}.Debug|Any CPU.ActiveCfg = Debug|Any CPU
		{3AF845B1-5E5A-426A-BC34-D065AC20EBB5}.Debug|Any CPU.Build.0 = Debug|Any CPU
		{3AF845B1-5E5A-426A-BC34-D065AC20EBB5}.Debug|ARM.ActiveCfg = Debug|Any CPU
		{3AF845B1-5E5A-426A-BC34-D065AC20EBB5}.Debug|ARM.Build.0 = Debug|Any CPU
		{3AF845B1-5E5A-426A-BC34-D065AC20EBB5}.Debug|arm64.ActiveCfg = Debug|Any CPU
		{3AF845B1-5E5A-426A-BC34-D065AC20EBB5}.Debug|arm64.Build.0 = Debug|Any CPU
		{3AF845B1-5E5A-426A-BC34-D065AC20EBB5}.Debug|x64.ActiveCfg = Debug|Any CPU
		{3AF845B1-5E5A-426A-BC34-D065AC20EBB5}.Debug|x64.Build.0 = Debug|Any CPU
		{3AF845B1-5E5A-426A-BC34-D065AC20EBB5}.Debug|x86.ActiveCfg = Debug|Any CPU
		{3AF845B1-5E5A-426A-BC34-D065AC20EBB5}.Debug|x86.Build.0 = Debug|Any CPU
		{3AF845B1-5E5A-426A-BC34-D065AC20EBB5}.Release|Any CPU.ActiveCfg = Release|Any CPU
		{3AF845B1-5E5A-426A-BC34-D065AC20EBB5}.Release|Any CPU.Build.0 = Release|Any CPU
		{3AF845B1-5E5A-426A-BC34-D065AC20EBB5}.Release|ARM.ActiveCfg = Release|Any CPU
		{3AF845B1-5E5A-426A-BC34-D065AC20EBB5}.Release|ARM.Build.0 = Release|Any CPU
		{3AF845B1-5E5A-426A-BC34-D065AC20EBB5}.Release|arm64.ActiveCfg = Release|Any CPU
		{3AF845B1-5E5A-426A-BC34-D065AC20EBB5}.Release|arm64.Build.0 = Release|Any CPU
		{3AF845B1-5E5A-426A-BC34-D065AC20EBB5}.Release|x64.ActiveCfg = Release|Any CPU
		{3AF845B1-5E5A-426A-BC34-D065AC20EBB5}.Release|x64.Build.0 = Release|Any CPU
		{3AF845B1-5E5A-426A-BC34-D065AC20EBB5}.Release|x86.ActiveCfg = Release|Any CPU
		{3AF845B1-5E5A-426A-BC34-D065AC20EBB5}.Release|x86.Build.0 = Release|Any CPU
	EndGlobalSection
	GlobalSection(SolutionProperties) = preSolution
		HideSolutionNode = FALSE
	EndGlobalSection
	GlobalSection(ExtensibilityGlobals) = postSolution
		SolutionGuid = {6D8FF851-24A1-4675-814B-4AFF7CE4614E}
	EndGlobalSection
EndGlobal
