
Microsoft Visual Studio Solution File, Format Version 12.00
# Visual Studio 15
VisualStudioVersion = 15.0.27004.2009
MinimumVisualStudioVersion = 10.0.40219.1
Project("{9A19103F-16F7-4668-BE54-9A1E7A4F7556}") = "PaletteNetStandard", "PaletteNetStandard\PaletteNetStandard.csproj", "{BF582B1D-1747-4421-B877-5746A83C977C}"
EndProject
Project("{FAE04EC0-301F-11D3-BF4B-00C04F79EFBC}") = "PaletteNetStandard.UWP", "PaletteNetStandard.UWP\PaletteNetStandard.UWP.csproj", "{688AFAD6-09A6-48CF-A85B-174F82EE1CB2}"
EndProject
Project("{FAE04EC0-301F-11D3-BF4B-00C04F79EFBC}") = "PaletteNetStandard.Desktop", "PaletteNetStandard.Desktop\PaletteNetStandard.Desktop.csproj", "{C6E2B579-0A32-4818-BE5A-77CABD9E8B56}"
EndProject
Global
	GlobalSection(SolutionConfigurationPlatforms) = preSolution
		Debug|Any CPU = Debug|Any CPU
		Debug|ARM = Debug|ARM
		Debug|x64 = Debug|x64
		Debug|x86 = Debug|x86
		Release|Any CPU = Release|Any CPU
		Release|ARM = Release|ARM
		Release|x64 = Release|x64
		Release|x86 = Release|x86
	EndGlobalSection
	GlobalSection(ProjectConfigurationPlatforms) = postSolution
		{BF582B1D-1747-4421-B877-5746A83C977C}.Debug|Any CPU.ActiveCfg = Debug|Any CPU
		{BF582B1D-1747-4421-B877-5746A83C977C}.Debug|Any CPU.Build.0 = Debug|Any CPU
		{BF582B1D-1747-4421-B877-5746A83C977C}.Debug|ARM.ActiveCfg = Debug|Any CPU
		{BF582B1D-1747-4421-B877-5746A83C977C}.Debug|ARM.Build.0 = Debug|Any CPU
		{BF582B1D-1747-4421-B877-5746A83C977C}.Debug|x64.ActiveCfg = Debug|Any CPU
		{BF582B1D-1747-4421-B877-5746A83C977C}.Debug|x64.Build.0 = Debug|Any CPU
		{BF582B1D-1747-4421-B877-5746A83C977C}.Debug|x86.ActiveCfg = Debug|Any CPU
		{BF582B1D-1747-4421-B877-5746A83C977C}.Debug|x86.Build.0 = Debug|Any CPU
		{BF582B1D-1747-4421-B877-5746A83C977C}.Release|Any CPU.ActiveCfg = Release|Any CPU
		{BF582B1D-1747-4421-B877-5746A83C977C}.Release|Any CPU.Build.0 = Release|Any CPU
		{BF582B1D-1747-4421-B877-5746A83C977C}.Release|ARM.ActiveCfg = Release|Any CPU
		{BF582B1D-1747-4421-B877-5746A83C977C}.Release|ARM.Build.0 = Release|Any CPU
		{BF582B1D-1747-4421-B877-5746A83C977C}.Release|x64.ActiveCfg = Release|Any CPU
		{BF582B1D-1747-4421-B877-5746A83C977C}.Release|x64.Build.0 = Release|Any CPU
		{BF582B1D-1747-4421-B877-5746A83C977C}.Release|x86.ActiveCfg = Release|Any CPU
		{BF582B1D-1747-4421-B877-5746A83C977C}.Release|x86.Build.0 = Release|Any CPU
		{688AFAD6-09A6-48CF-A85B-174F82EE1CB2}.Debug|Any CPU.ActiveCfg = Debug|Any CPU
		{688AFAD6-09A6-48CF-A85B-174F82EE1CB2}.Debug|Any CPU.Build.0 = Debug|Any CPU
		{688AFAD6-09A6-48CF-A85B-174F82EE1CB2}.Debug|ARM.ActiveCfg = Debug|ARM
		{688AFAD6-09A6-48CF-A85B-174F82EE1CB2}.Debug|ARM.Build.0 = Debug|ARM
		{688AFAD6-09A6-48CF-A85B-174F82EE1CB2}.Debug|x64.ActiveCfg = Debug|x64
		{688AFAD6-09A6-48CF-A85B-174F82EE1CB2}.Debug|x64.Build.0 = Debug|x64
		{688AFAD6-09A6-48CF-A85B-174F82EE1CB2}.Debug|x86.ActiveCfg = Debug|x86
		{688AFAD6-09A6-48CF-A85B-174F82EE1CB2}.Debug|x86.Build.0 = Debug|x86
		{688AFAD6-09A6-48CF-A85B-174F82EE1CB2}.Release|Any CPU.ActiveCfg = Release|Any CPU
		{688AFAD6-09A6-48CF-A85B-174F82EE1CB2}.Release|Any CPU.Build.0 = Release|Any CPU
		{688AFAD6-09A6-48CF-A85B-174F82EE1CB2}.Release|ARM.ActiveCfg = Release|ARM
		{688AFAD6-09A6-48CF-A85B-174F82EE1CB2}.Release|ARM.Build.0 = Release|ARM
		{688AFAD6-09A6-48CF-A85B-174F82EE1CB2}.Release|x64.ActiveCfg = Release|x64
		{688AFAD6-09A6-48CF-A85B-174F82EE1CB2}.Release|x64.Build.0 = Release|x64
		{688AFAD6-09A6-48CF-A85B-174F82EE1CB2}.Release|x86.ActiveCfg = Release|x86
		{688AFAD6-09A6-48CF-A85B-174F82EE1CB2}.Release|x86.Build.0 = Release|x86
		{C6E2B579-0A32-4818-BE5A-77CABD9E8B56}.Debug|Any CPU.ActiveCfg = Debug|Any CPU
		{C6E2B579-0A32-4818-BE5A-77CABD9E8B56}.Debug|Any CPU.Build.0 = Debug|Any CPU
		{C6E2B579-0A32-4818-BE5A-77CABD9E8B56}.Debug|ARM.ActiveCfg = Debug|Any CPU
		{C6E2B579-0A32-4818-BE5A-77CABD9E8B56}.Debug|ARM.Build.0 = Debug|Any CPU
		{C6E2B579-0A32-4818-BE5A-77CABD9E8B56}.Debug|x64.ActiveCfg = Debug|Any CPU
		{C6E2B579-0A32-4818-BE5A-77CABD9E8B56}.Debug|x64.Build.0 = Debug|Any CPU
		{C6E2B579-0A32-4818-BE5A-77CABD9E8B56}.Debug|x86.ActiveCfg = Debug|Any CPU
		{C6E2B579-0A32-4818-BE5A-77CABD9E8B56}.Debug|x86.Build.0 = Debug|Any CPU
		{C6E2B579-0A32-4818-BE5A-77CABD9E8B56}.Release|Any CPU.ActiveCfg = Release|Any CPU
		{C6E2B579-0A32-4818-BE5A-77CABD9E8B56}.Release|Any CPU.Build.0 = Release|Any CPU
		{C6E2B579-0A32-4818-BE5A-77CABD9E8B56}.Release|ARM.ActiveCfg = Release|Any CPU
		{C6E2B579-0A32-4818-BE5A-77CABD9E8B56}.Release|ARM.Build.0 = Release|Any CPU
		{C6E2B579-0A32-4818-BE5A-77CABD9E8B56}.Release|x64.ActiveCfg = Release|Any CPU
		{C6E2B579-0A32-4818-BE5A-77CABD9E8B56}.Release|x64.Build.0 = Release|Any CPU
		{C6E2B579-0A32-4818-BE5A-77CABD9E8B56}.Release|x86.ActiveCfg = Release|Any CPU
		{C6E2B579-0A32-4818-BE5A-77CABD9E8B56}.Release|x86.Build.0 = Release|Any CPU
	EndGlobalSection
	GlobalSection(SolutionProperties) = preSolution
		HideSolutionNode = FALSE
	EndGlobalSection
	GlobalSection(ExtensibilityGlobals) = postSolution
		SolutionGuid = {6D8FF851-24A1-4675-814B-4AFF7CE4614E}
	EndGlobalSection
EndGlobal
